{
  "object": {
    "pins": [
      {
        "package": "KeychainAccess",
        "repositoryURL": "https://github.com/kishikawakatsumi/KeychainAccess.git",
        "state": {
          "branch": null,
          "revision": "b920ad7df3c73189dcdd4aa05c540849b2010dbf",
          "version": "4.1.0"
        }
      },
      {
        "package": "RemoteImage",
        "repositoryURL": "https://github.com/crelies/RemoteImage.git",
        "state": {
          "branch": null,
          "revision": "d5e498f41ad52c9b4b03241c38f1414cd29ef211",
          "version": "0.1.0"
        }
      }
    ]
  },
  "version": 1
}
